# THIS IS AN AUTOGENERATED FILE. DO NOT EDIT THIS FILE DIRECTLY.
# yarn lockfile v1


wx-req@^1.0.1:
  version "1.0.1"
  resolved "https://registry.yarnpkg.com/wx-req/-/wx-req-1.0.1.tgz#477c7ee6d688d5e5ccf88ea72c32fa1aa6216e06"
  integrity sha512-RJWEjskA+czNyUPExe//hmyk54wOV7xnc4XkbabhZo3JYURu7oF+XeyLlINSyhwZ+5gPZ6wGZW/xdc4+Ej4E+w==
